{
  "name": "thesia",
  "version": "0.1.0",
  "lockfileVersion": 2,
  "requires": true,
  "packages": {
    "": {
      "name": "thesia",
      "version": "0.1.0",
      "hasInstallScript": true,
      "license": "MIT",
      "dependencies": {
        "backend": "file:../backend"
      }
    },
    "../backend": {
      "name": "thesia-backend",
      "version": "0.1.0",
      "license": "MIT"
    },
    "node_modules/backend": {
      "resolved": "../backend",
      "link": true
    }
  },
  "dependencies": {
    "backend": {
      "version": "file:../backend"
    }
  }
}
